
Microsoft Visual Studio Solution File, Format Version 12.00
# Visual Studio 14
VisualStudioVersion = 14.0.24720.0
MinimumVisualStudioVersion = 10.0.40219.1
Project("{FAE04EC0-301F-11D3-BF4B-00C04F79EFBC}") = "SchoolCommanderWPF", "SchoolCommanderWPF\SchoolCommanderWPF.csproj", "{DBE44E7C-9D24-44A4-A70C-157E249DF183}"
EndProject
Project("{54435603-DBB4-11D2-8724-00A0C9A8B90C}") = "SchoolCommanderWPFInstaller", "SchoolCommanderWPFInstaller\SchoolCommanderWPFInstaller.vdproj", "{F80EF396-5E1D-4136-A9F5-443C7F48624F}"
EndProject
Global
	GlobalSection(SolutionConfigurationPlatforms) = preSolution
		Debug|Any CPU = Debug|Any CPU
		Release|Any CPU = Release|Any CPU
	EndGlobalSection
	GlobalSection(ProjectConfigurationPlatforms) = postSolution
		{DBE44E7C-9D24-44A4-A70C-157E249DF183}.Debug|Any CPU.ActiveCfg = Debug|Any CPU
		{DBE44E7C-9D24-44A4-A70C-157E249DF183}.Debug|Any CPU.Build.0 = Debug|Any CPU
		{DBE44E7C-9D24-44A4-A70C-157E249DF183}.Release|Any CPU.ActiveCfg = Release|Any CPU
		{DBE44E7C-9D24-44A4-A70C-157E249DF183}.Release|Any CPU.Build.0 = Release|Any CPU
		{F80EF396-5E1D-4136-A9F5-443C7F48624F}.Debug|Any CPU.ActiveCfg = Debug
		{F80EF396-5E1D-4136-A9F5-443C7F48624F}.Release|Any CPU.ActiveCfg = Release
	EndGlobalSection
	GlobalSection(SolutionProperties) = preSolution
		HideSolutionNode = FALSE
	EndGlobalSection
EndGlobal
